{
  "name": "ganje-hozour",
  "version": "1.0.0",
  "lockfileVersion": 1,
  "requires": true,
  "dependencies": {
    "material-kit": {
      "version": "2.0.4",
      "resolved": "https://registry.npmjs.org/material-kit/-/material-kit-2.0.4.tgz",
      "integrity": "sha512-YtcRcqV0s7iByigCfcoHqtrUgXaicyYyZYikn6cdUuKdPdYvQplOUvUgvzmNTvDPcZXzLt8MUk9YfpWWOGISOQ=="
    }
  }
}
